
Microsoft Visual Studio Solution File, Format Version 12.00
# Visual Studio Version 16
VisualStudioVersion = 16.0.29728.190
MinimumVisualStudioVersion = 10.0.40219.1
Project("{FAE04EC0-301F-11D3-BF4B-00C04F79EFBC}") = "Repso", "Repso.csproj", "{5CD885BF-F4F7-46FF-B48E-AEFA6D204820}"
EndProject
Global
	GlobalSection(SolutionConfigurationPlatforms) = preSolution
		Debug|Any CPU = Debug|Any CPU
		Release|Any CPU = Release|Any CPU
	EndGlobalSection
	GlobalSection(ProjectConfigurationPlatforms) = postSolution
		{5CD885BF-F4F7-46FF-B48E-AEFA6D204820}.Debug|Any CPU.ActiveCfg = Debug|Any CPU
		{5CD885BF-F4F7-46FF-B48E-AEFA6D204820}.Debug|Any CPU.Build.0 = Debug|Any CPU
		{5CD885BF-F4F7-46FF-B48E-AEFA6D204820}.Release|Any CPU.ActiveCfg = Release|Any CPU
		{5CD885BF-F4F7-46FF-B48E-AEFA6D204820}.Release|Any CPU.Build.0 = Release|Any CPU
	EndGlobalSection
	GlobalSection(SolutionProperties) = preSolution
		HideSolutionNode = FALSE
	EndGlobalSection
	GlobalSection(ExtensibilityGlobals) = postSolution
		SolutionGuid = {844D8DD1-8281-47B3-B198-AF866AABF374}
	EndGlobalSection
EndGlobal
